
Microsoft Visual Studio Solution File, Format Version 12.00
# Visual Studio 2013
VisualStudioVersion = 12.0.21005.1
MinimumVisualStudioVersion = 10.0.40219.1
Project("{F184B08F-C81C-45F6-A57F-5ABD9991F28F}") = "ReportBundleHSP", "ReportBundleHSP\ReportBundleHSP.vbproj", "{F394FF3A-18B9-496C-A594-6104C2C89144}"
EndProject
Project("{F184B08F-C81C-45F6-A57F-5ABD9991F28F}") = "HSPBOTHRD", "HSPBOTHRD\HSPBOTHRD.vbproj", "{5F9D8901-C966-4DEB-8170-7D54E9312B2A}"
EndProject
Project("{F184B08F-C81C-45F6-A57F-5ABD9991F28F}") = "HSPBOTPURCH", "HSPBOTPURCH\HSPBOTPURCH.vbproj", "{E015CA8E-96D8-42BF-9B95-71630659E6B3}"
EndProject
Project("{F184B08F-C81C-45F6-A57F-5ABD9991F28F}") = "HSPBOTGA", "HSPBOTMTN\HSPBOTGA.vbproj", "{FE53DD65-AE8C-4557-BECB-905AD9E91EDC}"
EndProject
Project("{F184B08F-C81C-45F6-A57F-5ABD9991F28F}") = "HSPBOTSystem", "HSPBOTSystem\HSPBOTSystem.vbproj", "{23D2F52A-6491-4D85-8CF7-BC23FBA44BA4}"
EndProject
Project("{F184B08F-C81C-45F6-A57F-5ABD9991F28F}") = "HSPHRDCONSOLE", "HSPHRDCONSOLE\HSPHRDCONSOLE.vbproj", "{50AC6936-57B9-4056-877E-FD65E11CE833}"
EndProject
Project("{F184B08F-C81C-45F6-A57F-5ABD9991F28F}") = "HSPProduction", "HSPProduction\HSPProduction.vbproj", "{F451101B-94E1-42B1-B2F7-E8AB46F6D2F4}"
EndProject
Project("{F184B08F-C81C-45F6-A57F-5ABD9991F28F}") = "HSPKPI", "HSPKPI\HSPKPI.vbproj", "{E7E6A83A-A034-443A-B660-642BD8AD7272}"
EndProject
Project("{F184B08F-C81C-45F6-A57F-5ABD9991F28F}") = "HSPBOTSMARTHR", "HSPBOTSMARTHR\HSPBOTSMARTHR.vbproj", "{89EB1EBD-24E8-4E98-8613-00CFD2DB8C61}"
EndProject
Project("{F184B08F-C81C-45F6-A57F-5ABD9991F28F}") = "AppUserSetting", "AppUserSetting\AppUserSetting.vbproj", "{9C353C9B-F56C-4396-8312-7D52A8C8C1BE}"
EndProject
Project("{F184B08F-C81C-45F6-A57F-5ABD9991F28F}") = "HSPMAINTAINANCEPROJECT", "HSPMAINTAINANCEPROJECT\HSPMAINTAINANCEPROJECT.vbproj", "{EDB84949-674B-4BDF-9738-39DE63AA6388}"
EndProject
Global
	GlobalSection(SolutionConfigurationPlatforms) = preSolution
		Debug|Any CPU = Debug|Any CPU
		Release|Any CPU = Release|Any CPU
	EndGlobalSection
	GlobalSection(ProjectConfigurationPlatforms) = postSolution
		{F394FF3A-18B9-496C-A594-6104C2C89144}.Debug|Any CPU.ActiveCfg = Debug|Any CPU
		{F394FF3A-18B9-496C-A594-6104C2C89144}.Debug|Any CPU.Build.0 = Debug|Any CPU
		{F394FF3A-18B9-496C-A594-6104C2C89144}.Release|Any CPU.ActiveCfg = Release|Any CPU
		{F394FF3A-18B9-496C-A594-6104C2C89144}.Release|Any CPU.Build.0 = Release|Any CPU
		{5F9D8901-C966-4DEB-8170-7D54E9312B2A}.Debug|Any CPU.ActiveCfg = Debug|Any CPU
		{5F9D8901-C966-4DEB-8170-7D54E9312B2A}.Debug|Any CPU.Build.0 = Debug|Any CPU
		{5F9D8901-C966-4DEB-8170-7D54E9312B2A}.Release|Any CPU.ActiveCfg = Release|Any CPU
		{5F9D8901-C966-4DEB-8170-7D54E9312B2A}.Release|Any CPU.Build.0 = Release|Any CPU
		{E015CA8E-96D8-42BF-9B95-71630659E6B3}.Debug|Any CPU.ActiveCfg = Debug|Any CPU
		{E015CA8E-96D8-42BF-9B95-71630659E6B3}.Debug|Any CPU.Build.0 = Debug|Any CPU
		{E015CA8E-96D8-42BF-9B95-71630659E6B3}.Release|Any CPU.ActiveCfg = Release|Any CPU
		{E015CA8E-96D8-42BF-9B95-71630659E6B3}.Release|Any CPU.Build.0 = Release|Any CPU
		{FE53DD65-AE8C-4557-BECB-905AD9E91EDC}.Debug|Any CPU.ActiveCfg = Debug|Any CPU
		{FE53DD65-AE8C-4557-BECB-905AD9E91EDC}.Debug|Any CPU.Build.0 = Debug|Any CPU
		{FE53DD65-AE8C-4557-BECB-905AD9E91EDC}.Release|Any CPU.ActiveCfg = Release|Any CPU
		{FE53DD65-AE8C-4557-BECB-905AD9E91EDC}.Release|Any CPU.Build.0 = Release|Any CPU
		{23D2F52A-6491-4D85-8CF7-BC23FBA44BA4}.Debug|Any CPU.ActiveCfg = Debug|Any CPU
		{23D2F52A-6491-4D85-8CF7-BC23FBA44BA4}.Debug|Any CPU.Build.0 = Debug|Any CPU
		{23D2F52A-6491-4D85-8CF7-BC23FBA44BA4}.Release|Any CPU.ActiveCfg = Release|Any CPU
		{23D2F52A-6491-4D85-8CF7-BC23FBA44BA4}.Release|Any CPU.Build.0 = Release|Any CPU
		{50AC6936-57B9-4056-877E-FD65E11CE833}.Debug|Any CPU.ActiveCfg = Debug|Any CPU
		{50AC6936-57B9-4056-877E-FD65E11CE833}.Debug|Any CPU.Build.0 = Debug|Any CPU
		{50AC6936-57B9-4056-877E-FD65E11CE833}.Release|Any CPU.ActiveCfg = Release|Any CPU
		{50AC6936-57B9-4056-877E-FD65E11CE833}.Release|Any CPU.Build.0 = Release|Any CPU
		{F451101B-94E1-42B1-B2F7-E8AB46F6D2F4}.Debug|Any CPU.ActiveCfg = Debug|Any CPU
		{F451101B-94E1-42B1-B2F7-E8AB46F6D2F4}.Debug|Any CPU.Build.0 = Debug|Any CPU
		{F451101B-94E1-42B1-B2F7-E8AB46F6D2F4}.Release|Any CPU.ActiveCfg = Release|Any CPU
		{F451101B-94E1-42B1-B2F7-E8AB46F6D2F4}.Release|Any CPU.Build.0 = Release|Any CPU
		{E7E6A83A-A034-443A-B660-642BD8AD7272}.Debug|Any CPU.ActiveCfg = Debug|Any CPU
		{E7E6A83A-A034-443A-B660-642BD8AD7272}.Debug|Any CPU.Build.0 = Debug|Any CPU
		{E7E6A83A-A034-443A-B660-642BD8AD7272}.Release|Any CPU.ActiveCfg = Release|Any CPU
		{E7E6A83A-A034-443A-B660-642BD8AD7272}.Release|Any CPU.Build.0 = Release|Any CPU
		{89EB1EBD-24E8-4E98-8613-00CFD2DB8C61}.Debug|Any CPU.ActiveCfg = Debug|Any CPU
		{89EB1EBD-24E8-4E98-8613-00CFD2DB8C61}.Debug|Any CPU.Build.0 = Debug|Any CPU
		{89EB1EBD-24E8-4E98-8613-00CFD2DB8C61}.Release|Any CPU.ActiveCfg = Release|Any CPU
		{89EB1EBD-24E8-4E98-8613-00CFD2DB8C61}.Release|Any CPU.Build.0 = Release|Any CPU
		{9C353C9B-F56C-4396-8312-7D52A8C8C1BE}.Debug|Any CPU.ActiveCfg = Debug|Any CPU
		{9C353C9B-F56C-4396-8312-7D52A8C8C1BE}.Debug|Any CPU.Build.0 = Debug|Any CPU
		{9C353C9B-F56C-4396-8312-7D52A8C8C1BE}.Release|Any CPU.ActiveCfg = Release|Any CPU
		{9C353C9B-F56C-4396-8312-7D52A8C8C1BE}.Release|Any CPU.Build.0 = Release|Any CPU
		{EDB84949-674B-4BDF-9738-39DE63AA6388}.Debug|Any CPU.ActiveCfg = Debug|Any CPU
		{EDB84949-674B-4BDF-9738-39DE63AA6388}.Debug|Any CPU.Build.0 = Debug|Any CPU
		{EDB84949-674B-4BDF-9738-39DE63AA6388}.Release|Any CPU.ActiveCfg = Release|Any CPU
		{EDB84949-674B-4BDF-9738-39DE63AA6388}.Release|Any CPU.Build.0 = Release|Any CPU
	EndGlobalSection
	GlobalSection(SolutionProperties) = preSolution
		HideSolutionNode = FALSE
	EndGlobalSection
EndGlobal
